
Microsoft Visual Studio Solution File, Format Version 12.00
# Visual Studio Version 17
VisualStudioVersion = 17.8.34322.80
MinimumVisualStudioVersion = 10.0.40219.1
Project("{FAE04EC0-301F-11D3-BF4B-00C04F79EFBC}") = "ClothStore", "ClothStore.csproj", "{814C0FD1-A9FE-4127-9279-4175573C595A}"
EndProject
Global
	GlobalSection(SolutionConfigurationPlatforms) = preSolution
		Debug|Any CPU = Debug|Any CPU
		Release|Any CPU = Release|Any CPU
	EndGlobalSection
	GlobalSection(ProjectConfigurationPlatforms) = postSolution
		{814C0FD1-A9FE-4127-9279-4175573C595A}.Debug|Any CPU.ActiveCfg = Debug|Any CPU
		{814C0FD1-A9FE-4127-9279-4175573C595A}.Debug|Any CPU.Build.0 = Debug|Any CPU
		{814C0FD1-A9FE-4127-9279-4175573C595A}.Release|Any CPU.ActiveCfg = Release|Any CPU
		{814C0FD1-A9FE-4127-9279-4175573C595A}.Release|Any CPU.Build.0 = Release|Any CPU
	EndGlobalSection
	GlobalSection(SolutionProperties) = preSolution
		HideSolutionNode = FALSE
	EndGlobalSection
	GlobalSection(ExtensibilityGlobals) = postSolution
		SolutionGuid = {BA8BE9F4-6CCA-40B6-97C1-36404D6A79B5}
	EndGlobalSection
EndGlobal
